
Microsoft Visual Studio Solution File, Format Version 12.00
# Visual Studio 15
VisualStudioVersion = 15.0.28307.168
MinimumVisualStudioVersion = 10.0.40219.1
Project("{8BC9CEB8-8B4A-11D0-8D11-00A0C91BC942}") = "学生信息管理系统（链表）", "学生信息管理系统（链表）\学生信息管理系统（链表）.vcxproj", "{DEAB3DAC-0925-4C78-AD76-CD18FF8666B6}"
EndProject
Global
	GlobalSection(SolutionConfigurationPlatforms) = preSolution
		Debug|x64 = Debug|x64
		Debug|x86 = Debug|x86
		Release|x64 = Release|x64
		Release|x86 = Release|x86
	EndGlobalSection
	GlobalSection(ProjectConfigurationPlatforms) = postSolution
		{DEAB3DAC-0925-4C78-AD76-CD18FF8666B6}.Debug|x64.ActiveCfg = Debug|x64
		{DEAB3DAC-0925-4C78-AD76-CD18FF8666B6}.Debug|x64.Build.0 = Debug|x64
		{DEAB3DAC-0925-4C78-AD76-CD18FF8666B6}.Debug|x86.ActiveCfg = Debug|Win32
		{DEAB3DAC-0925-4C78-AD76-CD18FF8666B6}.Debug|x86.Build.0 = Debug|Win32
		{DEAB3DAC-0925-4C78-AD76-CD18FF8666B6}.Release|x64.ActiveCfg = Release|x64
		{DEAB3DAC-0925-4C78-AD76-CD18FF8666B6}.Release|x64.Build.0 = Release|x64
		{DEAB3DAC-0925-4C78-AD76-CD18FF8666B6}.Release|x86.ActiveCfg = Release|Win32
		{DEAB3DAC-0925-4C78-AD76-CD18FF8666B6}.Release|x86.Build.0 = Release|Win32
	EndGlobalSection
	GlobalSection(SolutionProperties) = preSolution
		HideSolutionNode = FALSE
	EndGlobalSection
	GlobalSection(ExtensibilityGlobals) = postSolution
		SolutionGuid = {150BB262-5399-47EB-A9F0-8C25BC9452AA}
	EndGlobalSection
EndGlobal
